{
  "name": "@tywalk/pcf-helper-run",
  "version": "1.1.12",
  "lockfileVersion": 2,
  "requires": true,
  "packages": {
    "": {
      "name": "@tywalk/pcf-helper-run",
      "version": "1.1.12",
      "dependencies": {
        "@tywalk/pcf-helper": "^1.4.10"
      },
      "bin": {
        "pcf-helper-run": "index.js"
      }
    },
    "node_modules/@tywalk/pcf-helper": {
      "version": "1.4.10",
      "resolved": "https://registry.npmjs.org/@tywalk/pcf-helper/-/pcf-helper-1.4.10.tgz",
      "integrity": "sha512-porQn1jympJRLqd6rC88/Eoi+22sw7tOLWiuvMxu6535TOjp2Jsup9qUefjvmruRF1NVh2aMAH6OokDaiGhA9A==",
      "bin": {
        "pcf-helper-build": "bin/build.js",
        "pcf-helper-deploy": "bin/deploy.js",
        "pcf-helper-import": "bin/import.js",
        "pcf-helper-upgrade": "bin/upgrade.js"
      }
    }
  },
  "dependencies": {
    "@tywalk/pcf-helper": {
      "version": "1.4.10",
      "resolved": "https://registry.npmjs.org/@tywalk/pcf-helper/-/pcf-helper-1.4.10.tgz",
      "integrity": "sha512-porQn1jympJRLqd6rC88/Eoi+22sw7tOLWiuvMxu6535TOjp2Jsup9qUefjvmruRF1NVh2aMAH6OokDaiGhA9A=="
    }
  }
}
