{
  "name": "@tywalk/pcf-helper-run",
  "version": "1.1.12",
  "lockfileVersion": 2,
  "requires": true,
  "packages": {
    "": {
      "name": "@tywalk/pcf-helper-run",
      "version": "1.1.12",
      "dependencies": {
        "@tywalk/pcf-helper": "^1.4.9"
      },
      "bin": {
        "pcf-helper-run": "index.js"
      }
    },
    "node_modules/@tywalk/pcf-helper": {
      "version": "1.4.9",
      "resolved": "https://registry.npmjs.org/@tywalk/pcf-helper/-/pcf-helper-1.4.9.tgz",
      "integrity": "sha512-yZ/YwJji2DrbsOpm6HPvO6Z42XpOlxya79B5ndsL2NCuDZg3npMoiQP1rn1eTgkdvxu7vtfW+jpyzdmok43dfA==",
      "bin": {
        "pcf-helper-build": "bin/build.js",
        "pcf-helper-deploy": "bin/deploy.js",
        "pcf-helper-import": "bin/import.js",
        "pcf-helper-upgrade": "bin/upgrade.js"
      }
    }
  },
  "dependencies": {
    "@tywalk/pcf-helper": {
      "version": "1.4.9",
      "resolved": "https://registry.npmjs.org/@tywalk/pcf-helper/-/pcf-helper-1.4.9.tgz",
      "integrity": "sha512-yZ/YwJji2DrbsOpm6HPvO6Z42XpOlxya79B5ndsL2NCuDZg3npMoiQP1rn1eTgkdvxu7vtfW+jpyzdmok43dfA=="
    }
  }
}
